
Microsoft Visual Studio Solution File, Format Version 12.00
# Visual Studio Version 17
VisualStudioVersion = 17.10.35004.147
MinimumVisualStudioVersion = 10.0.40219.1
Project("{FAE04EC0-301F-11D3-BF4B-00C04F79EFBC}") = "NiconicoJikkyoKariDemoApp", "NiconicoJikkyoKariDemoApp\NiconicoJikkyoKariDemoApp.csproj", "{DD015A97-97CA-41C9-9299-51A4F0D7DA75}"
EndProject
Global
	GlobalSection(SolutionConfigurationPlatforms) = preSolution
		Debug|Any CPU = Debug|Any CPU
		Release|Any CPU = Release|Any CPU
	EndGlobalSection
	GlobalSection(ProjectConfigurationPlatforms) = postSolution
		{DD015A97-97CA-41C9-9299-51A4F0D7DA75}.Debug|Any CPU.ActiveCfg = Debug|Any CPU
		{DD015A97-97CA-41C9-9299-51A4F0D7DA75}.Debug|Any CPU.Build.0 = Debug|Any CPU
		{DD015A97-97CA-41C9-9299-51A4F0D7DA75}.Release|Any CPU.ActiveCfg = Release|Any CPU
		{DD015A97-97CA-41C9-9299-51A4F0D7DA75}.Release|Any CPU.Build.0 = Release|Any CPU
	EndGlobalSection
	GlobalSection(SolutionProperties) = preSolution
		HideSolutionNode = FALSE
	EndGlobalSection
	GlobalSection(ExtensibilityGlobals) = postSolution
		SolutionGuid = {29C66958-7880-4F47-8994-534BE954369D}
	EndGlobalSection
EndGlobal
